// !$*UTF8*$!
{
	archiveVersion = 1;
	classes = {
	};
	objectVersion = 50;
	objects = {

/* Begin PBXBuildFile section */
		87ABE260227F25D500F53688 /* AppDelegate.swift in Sources */ = {isa = PBXBuildFile; fileRef = 87ABE25F227F25D500F53688 /* AppDelegate.swift */; };
		87ABE262227F25D500F53688 /* ViewController.swift in Sources */ = {isa = PBXBuildFile; fileRef = 87ABE261227F25D500F53688 /* ViewController.swift */; };
		87ABE265227F25D500F53688 /* Main.storyboard in Resources */ = {isa = PBXBuildFile; fileRef = 87ABE263227F25D500F53688 /* Main.storyboard */; };
		87ABE267227F25D800F53688 /* Assets.xcassets in Resources */ = {isa = PBXBuildFile; fileRef = 87ABE266227F25D800F53688 /* Assets.xcassets */; };
		87ABE26A227F25D800F53688 /* LaunchScreen.storyboard in Resources */ = {isa = PBXBuildFile; fileRef = 87ABE268227F25D800F53688 /* LaunchScreen.storyboard */; };
		87ABE272227F271900F53688 /* PlannedTripsControllers.swift in Sources */ = {isa = PBXBuildFile; fileRef = 87ABE271227F271900F53688 /* PlannedTripsControllers.swift */; };
		87ABE274227F2A5F00F53688 /* AddTripControllers.swift in Sources */ = {isa = PBXBuildFile; fileRef = 87ABE273227F2A5F00F53688 /* AddTripControllers.swift */; };
		87ABE276227F3D7F00F53688 /* NoWaypointsControllers.swift in Sources */ = {isa = PBXBuildFile; fileRef = 87ABE275227F3D7F00F53688 /* NoWaypointsControllers.swift */; };
		87ABE278227F458400F53688 /* AddWaypoint.swift in Sources */ = {isa = PBXBuildFile; fileRef = 87ABE277227F458400F53688 /* AddWaypoint.swift */; };
		87ABE27B227F6A8600F53688 /* PlannedTrips.xcdatamodeld in Sources */ = {isa = PBXBuildFile; fileRef = 87ABE279227F6A8600F53688 /* PlannedTrips.xcdatamodeld */; };
		87ABE27D227F6B5500F53688 /* CoreDataStack.swift in Sources */ = {isa = PBXBuildFile; fileRef = 87ABE27C227F6B5500F53688 /* CoreDataStack.swift */; };
		87ABE280227F6D5300F53688 /* Trips+CoreDataClass.swift in Sources */ = {isa = PBXBuildFile; fileRef = 87ABE27E227F6D5300F53688 /* Trips+CoreDataClass.swift */; };
		87ABE281227F6D5300F53688 /* Trips+CoreDataProperties.swift in Sources */ = {isa = PBXBuildFile; fileRef = 87ABE27F227F6D5300F53688 /* Trips+CoreDataProperties.swift */; };
		87ABE283227F6F4E00F53688 /* PlannedTripsControllersDataSource.swift in Sources */ = {isa = PBXBuildFile; fileRef = 87ABE282227F6F4E00F53688 /* PlannedTripsControllersDataSource.swift */; };
		87ABE285227F71C700F53688 /* TripsFetchResultController.swift in Sources */ = {isa = PBXBuildFile; fileRef = 87ABE284227F71C700F53688 /* TripsFetchResultController.swift */; };
/* End PBXBuildFile section */

/* Begin PBXFileReference section */
		87ABE25C227F25D500F53688 /* Trip Planner.app */ = {isa = PBXFileReference; explicitFileType = wrapper.application; includeInIndex = 0; path = "Trip Planner.app"; sourceTree = BUILT_PRODUCTS_DIR; };
		87ABE25F227F25D500F53688 /* AppDelegate.swift */ = {isa = PBXFileReference; lastKnownFileType = sourcecode.swift; path = AppDelegate.swift; sourceTree = "<group>"; };
		87ABE261227F25D500F53688 /* ViewController.swift */ = {isa = PBXFileReference; lastKnownFileType = sourcecode.swift; path = ViewController.swift; sourceTree = "<group>"; };
		87ABE264227F25D500F53688 /* Base */ = {isa = PBXFileReference; lastKnownFileType = file.storyboard; name = Base; path = Base.lproj/Main.storyboard; sourceTree = "<group>"; };
		87ABE266227F25D800F53688 /* Assets.xcassets */ = {isa = PBXFileReference; lastKnownFileType = folder.assetcatalog; path = Assets.xcassets; sourceTree = "<group>"; };
		87ABE269227F25D800F53688 /* Base */ = {isa = PBXFileReference; lastKnownFileType = file.storyboard; name = Base; path = Base.lproj/LaunchScreen.storyboard; sourceTree = "<group>"; };
		87ABE26B227F25D800F53688 /* Info.plist */ = {isa = PBXFileReference; lastKnownFileType = text.plist.xml; path = Info.plist; sourceTree = "<group>"; };
		87ABE271227F271900F53688 /* PlannedTripsControllers.swift */ = {isa = PBXFileReference; lastKnownFileType = sourcecode.swift; path = PlannedTripsControllers.swift; sourceTree = "<group>"; };
		87ABE273227F2A5F00F53688 /* AddTripControllers.swift */ = {isa = PBXFileReference; lastKnownFileType = sourcecode.swift; path = AddTripControllers.swift; sourceTree = "<group>"; };
		87ABE275227F3D7F00F53688 /* NoWaypointsControllers.swift */ = {isa = PBXFileReference; lastKnownFileType = sourcecode.swift; path = NoWaypointsControllers.swift; sourceTree = "<group>"; };
		87ABE277227F458400F53688 /* AddWaypoint.swift */ = {isa = PBXFileReference; lastKnownFileType = sourcecode.swift; path = AddWaypoint.swift; sourceTree = "<group>"; };
		87ABE27A227F6A8600F53688 /* PlannedTrips.xcdatamodel */ = {isa = PBXFileReference; lastKnownFileType = wrapper.xcdatamodel; path = PlannedTrips.xcdatamodel; sourceTree = "<group>"; };
		87ABE27C227F6B5500F53688 /* CoreDataStack.swift */ = {isa = PBXFileReference; lastKnownFileType = sourcecode.swift; path = CoreDataStack.swift; sourceTree = "<group>"; };
		87ABE27E227F6D5300F53688 /* Trips+CoreDataClass.swift */ = {isa = PBXFileReference; lastKnownFileType = sourcecode.swift; path = "Trips+CoreDataClass.swift"; sourceTree = "<group>"; };
		87ABE27F227F6D5300F53688 /* Trips+CoreDataProperties.swift */ = {isa = PBXFileReference; lastKnownFileType = sourcecode.swift; path = "Trips+CoreDataProperties.swift"; sourceTree = "<group>"; };
		87ABE282227F6F4E00F53688 /* PlannedTripsControllersDataSource.swift */ = {isa = PBXFileReference; lastKnownFileType = sourcecode.swift; path = PlannedTripsControllersDataSource.swift; sourceTree = "<group>"; };
		87ABE284227F71C700F53688 /* TripsFetchResultController.swift */ = {isa = PBXFileReference; lastKnownFileType = sourcecode.swift; path = TripsFetchResultController.swift; sourceTree = "<group>"; };
/* End PBXFileReference section */

/* Begin PBXFrameworksBuildPhase section */
		87ABE259227F25D500F53688 /* Frameworks */ = {
			isa = PBXFrameworksBuildPhase;
			buildActionMask = 2147483647;
			files = (
			);
			runOnlyForDeploymentPostprocessing = 0;
		};
/* End PBXFrameworksBuildPhase section */

/* Begin PBXGroup section */
		87ABE253227F25D500F53688 = {
			isa = PBXGroup;
			children = (
				87ABE25E227F25D500F53688 /* Trip Planner */,
				87ABE25D227F25D500F53688 /* Products */,
			);
			sourceTree = "<group>";
		};
		87ABE25D227F25D500F53688 /* Products */ = {
			isa = PBXGroup;
			children = (
				87ABE25C227F25D500F53688 /* Trip Planner.app */,
			);
			name = Products;
			sourceTree = "<group>";
		};
		87ABE25E227F25D500F53688 /* Trip Planner */ = {
			isa = PBXGroup;
			children = (
				87ABE25F227F25D500F53688 /* AppDelegate.swift */,
				87ABE271227F271900F53688 /* PlannedTripsControllers.swift */,
				87ABE282227F6F4E00F53688 /* PlannedTripsControllersDataSource.swift */,
				87ABE284227F71C700F53688 /* TripsFetchResultController.swift */,
				87ABE275227F3D7F00F53688 /* NoWaypointsControllers.swift */,
				87ABE277227F458400F53688 /* AddWaypoint.swift */,
				87ABE279227F6A8600F53688 /* PlannedTrips.xcdatamodeld */,
				87ABE27C227F6B5500F53688 /* CoreDataStack.swift */,
				87ABE273227F2A5F00F53688 /* AddTripControllers.swift */,
				87ABE261227F25D500F53688 /* ViewController.swift */,
				87ABE263227F25D500F53688 /* Main.storyboard */,
				87ABE266227F25D800F53688 /* Assets.xcassets */,
				87ABE268227F25D800F53688 /* LaunchScreen.storyboard */,
				87ABE26B227F25D800F53688 /* Info.plist */,
				87ABE27E227F6D5300F53688 /* Trips+CoreDataClass.swift */,
				87ABE27F227F6D5300F53688 /* Trips+CoreDataProperties.swift */,
			);
			path = "Trip Planner";
			sourceTree = "<group>";
		};
/* End PBXGroup section */

/* Begin PBXNativeTarget section */
		87ABE25B227F25D500F53688 /* Trip Planner */ = {
			isa = PBXNativeTarget;
			buildConfigurationList = 87ABE26E227F25D800F53688 /* Build configuration list for PBXNativeTarget "Trip Planner" */;
			buildPhases = (
				87ABE258227F25D500F53688 /* Sources */,
				87ABE259227F25D500F53688 /* Frameworks */,
				87ABE25A227F25D500F53688 /* Resources */,
			);
			buildRules = (
			);
			dependencies = (
			);
			name = "Trip Planner";
			productName = "Trip Planner";
			productReference = 87ABE25C227F25D500F53688 /* Trip Planner.app */;
			productType = "com.apple.product-type.application";
		};
/* End PBXNativeTarget section */

/* Begin PBXProject section */
		87ABE254227F25D500F53688 /* Project object */ = {
			isa = PBXProject;
			attributes = {
				LastSwiftUpdateCheck = 1020;
				LastUpgradeCheck = 1020;
				ORGANIZATIONNAME = "Ramon Geronimo";
				TargetAttributes = {
					87ABE25B227F25D500F53688 = {
						CreatedOnToolsVersion = 10.2;
					};
				};
			};
			buildConfigurationList = 87ABE257227F25D500F53688 /* Build configuration list for PBXProject "Trip Planner" */;
			compatibilityVersion = "Xcode 9.3";
			developmentRegion = en;
			hasScannedForEncodings = 0;
			knownRegions = (
				en,
				Base,
			);
			mainGroup = 87ABE253227F25D500F53688;
			productRefGroup = 87ABE25D227F25D500F53688 /* Products */;
			projectDirPath = "";
			projectRoot = "";
			targets = (
				87ABE25B227F25D500F53688 /* Trip Planner */,
			);
		};
/* End PBXProject section */

/* Begin PBXResourcesBuildPhase section */
		87ABE25A227F25D500F53688 /* Resources */ = {
			isa = PBXResourcesBuildPhase;
			buildActionMask = 2147483647;
			files = (
				87ABE26A227F25D800F53688 /* LaunchScreen.storyboard in Resources */,
				87ABE267227F25D800F53688 /* Assets.xcassets in Resources */,
				87ABE265227F25D500F53688 /* Main.storyboard in Resources */,
			);
			runOnlyForDeploymentPostprocessing = 0;
		};
/* End PBXResourcesBuildPhase section */

/* Begin PBXSourcesBuildPhase section */
		87ABE258227F25D500F53688 /* Sources */ = {
			isa = PBXSourcesBuildPhase;
			buildActionMask = 2147483647;
			files = (
				87ABE285227F71C700F53688 /* TripsFetchResultController.swift in Sources */,
				87ABE278227F458400F53688 /* AddWaypoint.swift in Sources */,
				87ABE262227F25D500F53688 /* ViewController.swift in Sources */,
				87ABE260227F25D500F53688 /* AppDelegate.swift in Sources */,
				87ABE276227F3D7F00F53688 /* NoWaypointsControllers.swift in Sources */,
				87ABE280227F6D5300F53688 /* Trips+CoreDataClass.swift in Sources */,
				87ABE283227F6F4E00F53688 /* PlannedTripsControllersDataSource.swift in Sources */,
				87ABE274227F2A5F00F53688 /* AddTripControllers.swift in Sources */,
				87ABE27B227F6A8600F53688 /* PlannedTrips.xcdatamodeld in Sources */,
				87ABE272227F271900F53688 /* PlannedTripsControllers.swift in Sources */,
				87ABE281227F6D5300F53688 /* Trips+CoreDataProperties.swift in Sources */,
				87ABE27D227F6B5500F53688 /* CoreDataStack.swift in Sources */,
			);
			runOnlyForDeploymentPostprocessing = 0;
		};
/* End PBXSourcesBuildPhase section */

/* Begin PBXVariantGroup section */
		87ABE263227F25D500F53688 /* Main.storyboard */ = {
			isa = PBXVariantGroup;
			children = (
				87ABE264227F25D500F53688 /* Base */,
			);
			name = Main.storyboard;
			sourceTree = "<group>";
		};
		87ABE268227F25D800F53688 /* LaunchScreen.storyboard */ = {
			isa = PBXVariantGroup;
			children = (
				87ABE269227F25D800F53688 /* Base */,
			);
			name = LaunchScreen.storyboard;
			sourceTree = "<group>";
		};
/* End PBXVariantGroup section */

/* Begin XCBuildConfiguration section */
		87ABE26C227F25D800F53688 /* Debug */ = {
			isa = XCBuildConfiguration;
			buildSettings = {
				ALWAYS_SEARCH_USER_PATHS = NO;
				CLANG_ANALYZER_NONNULL = YES;
				CLANG_ANALYZER_NUMBER_OBJECT_CONVERSION = YES_AGGRESSIVE;
				CLANG_CXX_LANGUAGE_STANDARD = "gnu++14";
				CLANG_CXX_LIBRARY = "libc++";
				CLANG_ENABLE_MODULES = YES;
				CLANG_ENABLE_OBJC_ARC = YES;
				CLANG_ENABLE_OBJC_WEAK = YES;
				CLANG_WARN_BLOCK_CAPTURE_AUTORELEASING = YES;
				CLANG_WARN_BOOL_CONVERSION = YES;
				CLANG_WARN_COMMA = YES;
				CLANG_WARN_CONSTANT_CONVERSION = YES;
				CLANG_WARN_DEPRECATED_OBJC_IMPLEMENTATIONS = YES;
				CLANG_WARN_DIRECT_OBJC_ISA_USAGE = YES_ERROR;
				CLANG_WARN_DOCUMENTATION_COMMENTS = YES;
				CLANG_WARN_EMPTY_BODY = YES;
				CLANG_WARN_ENUM_CONVERSION = YES;
				CLANG_WARN_INFINITE_RECURSION = YES;
				CLANG_WARN_INT_CONVERSION = YES;
				CLANG_WARN_NON_LITERAL_NULL_CONVERSION = YES;
				CLANG_WARN_OBJC_IMPLICIT_RETAIN_SELF = YES;
				CLANG_WARN_OBJC_LITERAL_CONVERSION = YES;
				CLANG_WARN_OBJC_ROOT_CLASS = YES_ERROR;
				CLANG_WARN_RANGE_LOOP_ANALYSIS = YES;
				CLANG_WARN_STRICT_PROTOTYPES = YES;
				CLANG_WARN_SUSPICIOUS_MOVE = YES;
				CLANG_WARN_UNGUARDED_AVAILABILITY = YES_AGGRESSIVE;
				CLANG_WARN_UNREACHABLE_CODE = YES;
				CLANG_WARN__DUPLICATE_METHOD_MATCH = YES;
				CODE_SIGN_IDENTITY = "iPhone Developer";
				COPY_PHASE_STRIP = NO;
				DEBUG_INFORMATION_FORMAT = dwarf;
				ENABLE_STRICT_OBJC_MSGSEND = YES;
				ENABLE_TESTABILITY = YES;
				GCC_C_LANGUAGE_STANDARD = gnu11;
				GCC_DYNAMIC_NO_PIC = NO;
				GCC_NO_COMMON_BLOCKS = YES;
				GCC_OPTIMIZATION_LEVEL = 0;
				GCC_PREPROCESSOR_DEFINITIONS = (
					"DEBUG=1",
					"$(inherited)",
				);
				GCC_WARN_64_TO_32_BIT_CONVERSION = YES;
				GCC_WARN_ABOUT_RETURN_TYPE = YES_ERROR;
				GCC_WARN_UNDECLARED_SELECTOR = YES;
				GCC_WARN_UNINITIALIZED_AUTOS = YES_AGGRESSIVE;
				GCC_WARN_UNUSED_FUNCTION = YES;
				GCC_WARN_UNUSED_VARIABLE = YES;
				IPHONEOS_DEPLOYMENT_TARGET = 12.2;
				MTL_ENABLE_DEBUG_INFO = INCLUDE_SOURCE;
				MTL_FAST_MATH = YES;
				ONLY_ACTIVE_ARCH = YES;
				SDKROOT = iphoneos;
				SWIFT_ACTIVE_COMPILATION_CONDITIONS = DEBUG;
				SWIFT_OPTIMIZATION_LEVEL = "-Onone";
			};
			name = Debug;
		};
		87ABE26D227F25D800F53688 /* Release */ = {
			isa = XCBuildConfiguration;
			buildSettings = {
				ALWAYS_SEARCH_USER_PATHS = NO;
				CLANG_ANALYZER_NONNULL = YES;
				CLANG_ANALYZER_NUMBER_OBJECT_CONVERSION = YES_AGGRESSIVE;
				CLANG_CXX_LANGUAGE_STANDARD = "gnu++14";
				CLANG_CXX_LIBRARY = "libc++";
				CLANG_ENABLE_MODULES = YES;
				CLANG_ENABLE_OBJC_ARC = YES;
				CLANG_ENABLE_OBJC_WEAK = YES;
				CLANG_WARN_BLOCK_CAPTURE_AUTORELEASING = YES;
				CLANG_WARN_BOOL_CONVERSION = YES;
				CLANG_WARN_COMMA = YES;
				CLANG_WARN_CONSTANT_CONVERSION = YES;
				CLANG_WARN_DEPRECATED_OBJC_IMPLEMENTATIONS = YES;
				CLANG_WARN_DIRECT_OBJC_ISA_USAGE = YES_ERROR;
				CLANG_WARN_DOCUMENTATION_COMMENTS = YES;
				CLANG_WARN_EMPTY_BODY = YES;
				CLANG_WARN_ENUM_CONVERSION = YES;
				CLANG_WARN_INFINITE_RECURSION = YES;
				CLANG_WARN_INT_CONVERSION = YES;
				CLANG_WARN_NON_LITERAL_NULL_CONVERSION = YES;
				CLANG_WARN_OBJC_IMPLICIT_RETAIN_SELF = YES;
				CLANG_WARN_OBJC_LITERAL_CONVERSION = YES;
				CLANG_WARN_OBJC_ROOT_CLASS = YES_ERROR;
				CLANG_WARN_RANGE_LOOP_ANALYSIS = YES;
				CLANG_WARN_STRICT_PROTOTYPES = YES;
				CLANG_WARN_SUSPICIOUS_MOVE = YES;
				CLANG_WARN_UNGUARDED_AVAILABILITY = YES_AGGRESSIVE;
				CLANG_WARN_UNREACHABLE_CODE = YES;
				CLANG_WARN__DUPLICATE_METHOD_MATCH = YES;
				CODE_SIGN_IDENTITY = "iPhone Developer";
				COPY_PHASE_STRIP = NO;
				DEBUG_INFORMATION_FORMAT = "dwarf-with-dsym";
				ENABLE_NS_ASSERTIONS = NO;
				ENABLE_STRICT_OBJC_MSGSEND = YES;
				GCC_C_LANGUAGE_STANDARD = gnu11;
				GCC_NO_COMMON_BLOCKS = YES;
				GCC_WARN_64_TO_32_BIT_CONVERSION = YES;
				GCC_WARN_ABOUT_RETURN_TYPE = YES_ERROR;
				GCC_WARN_UNDECLARED_SELECTOR = YES;
				GCC_WARN_UNINITIALIZED_AUTOS = YES_AGGRESSIVE;
				GCC_WARN_UNUSED_FUNCTION = YES;
				GCC_WARN_UNUSED_VARIABLE = YES;
				IPHONEOS_DEPLOYMENT_TARGET = 12.2;
				MTL_ENABLE_DEBUG_INFO = NO;
				MTL_FAST_MATH = YES;
				SDKROOT = iphoneos;
				SWIFT_COMPILATION_MODE = wholemodule;
				SWIFT_OPTIMIZATION_LEVEL = "-O";
				VALIDATE_PRODUCT = YES;
			};
			name = Release;
		};
		87ABE26F227F25D800F53688 /* Debug */ = {
			isa = XCBuildConfiguration;
			buildSettings = {
				ASSETCATALOG_COMPILER_APPICON_NAME = AppIcon;
				CODE_SIGN_STYLE = Automatic;
				DEVELOPMENT_TEAM = 29KKRTJA28;
				INFOPLIST_FILE = "Trip Planner/Info.plist";
				LD_RUNPATH_SEARCH_PATHS = (
					"$(inherited)",
					"@executable_path/Frameworks",
				);
				PRODUCT_BUNDLE_IDENTIFIER = "com.ramongeronimo.Trip-Planner";
				PRODUCT_NAME = "$(TARGET_NAME)";
				SWIFT_VERSION = 5.0;
				TARGETED_DEVICE_FAMILY = "1,2";
			};
			name = Debug;
		};
		87ABE270227F25D800F53688 /* Release */ = {
			isa = XCBuildConfiguration;
			buildSettings = {
				ASSETCATALOG_COMPILER_APPICON_NAME = AppIcon;
				CODE_SIGN_STYLE = Automatic;
				DEVELOPMENT_TEAM = 29KKRTJA28;
				INFOPLIST_FILE = "Trip Planner/Info.plist";
				LD_RUNPATH_SEARCH_PATHS = (
					"$(inherited)",
					"@executable_path/Frameworks",
				);
				PRODUCT_BUNDLE_IDENTIFIER = "com.ramongeronimo.Trip-Planner";
				PRODUCT_NAME = "$(TARGET_NAME)";
				SWIFT_VERSION = 5.0;
				TARGETED_DEVICE_FAMILY = "1,2";
			};
			name = Release;
		};
/* End XCBuildConfiguration section */

/* Begin XCConfigurationList section */
		87ABE257227F25D500F53688 /* Build configuration list for PBXProject "Trip Planner" */ = {
			isa = XCConfigurationList;
			buildConfigurations = (
				87ABE26C227F25D800F53688 /* Debug */,
				87ABE26D227F25D800F53688 /* Release */,
			);
			defaultConfigurationIsVisible = 0;
			defaultConfigurationName = Release;
		};
		87ABE26E227F25D800F53688 /* Build configuration list for PBXNativeTarget "Trip Planner" */ = {
			isa = XCConfigurationList;
			buildConfigurations = (
				87ABE26F227F25D800F53688 /* Debug */,
				87ABE270227F25D800F53688 /* Release */,
			);
			defaultConfigurationIsVisible = 0;
			defaultConfigurationName = Release;
		};
/* End XCConfigurationList section */

/* Begin XCVersionGroup section */
		87ABE279227F6A8600F53688 /* PlannedTrips.xcdatamodeld */ = {
			isa = XCVersionGroup;
			children = (
				87ABE27A227F6A8600F53688 /* PlannedTrips.xcdatamodel */,
			);
			currentVersion = 87ABE27A227F6A8600F53688 /* PlannedTrips.xcdatamodel */;
			path = PlannedTrips.xcdatamodeld;
			sourceTree = "<group>";
			versionGroupType = wrapper.xcdatamodel;
		};
/* End XCVersionGroup section */
	};
	rootObject = 87ABE254227F25D500F53688 /* Project object */;
}
