// !$*UTF8*$!
{
	archiveVersion = 1;
	classes = {
	};
	objectVersion = 50;
	objects = {

/* Begin PBXBuildFile section */
		87ABE231227CA50200F53688 /* AppDelegate.swift in Sources */ = {isa = PBXBuildFile; fileRef = 87ABE230227CA50200F53688 /* AppDelegate.swift */; };
		87ABE233227CA50200F53688 /* ViewController.swift in Sources */ = {isa = PBXBuildFile; fileRef = 87ABE232227CA50200F53688 /* ViewController.swift */; };
		87ABE236227CA50200F53688 /* Main.storyboard in Resources */ = {isa = PBXBuildFile; fileRef = 87ABE234227CA50200F53688 /* Main.storyboard */; };
		87ABE238227CA50600F53688 /* Assets.xcassets in Resources */ = {isa = PBXBuildFile; fileRef = 87ABE237227CA50600F53688 /* Assets.xcassets */; };
		87ABE23B227CA50600F53688 /* LaunchScreen.storyboard in Resources */ = {isa = PBXBuildFile; fileRef = 87ABE239227CA50600F53688 /* LaunchScreen.storyboard */; };
		87ABE243227CA53400F53688 /* CoreDataStack.swift in Sources */ = {isa = PBXBuildFile; fileRef = 87ABE242227CA53400F53688 /* CoreDataStack.swift */; };
		87ABE246227CB65000F53688 /* TodoList.xcdatamodeld in Sources */ = {isa = PBXBuildFile; fileRef = 87ABE244227CB65000F53688 /* TodoList.xcdatamodeld */; };
		87ABE248227CBB7300F53688 /* TableViewController.swift in Sources */ = {isa = PBXBuildFile; fileRef = 87ABE247227CBB7300F53688 /* TableViewController.swift */; };
		87ABE24B227D138500F53688 /* Item+CoreDataClass.swift in Sources */ = {isa = PBXBuildFile; fileRef = 87ABE249227D138500F53688 /* Item+CoreDataClass.swift */; };
		87ABE24C227D138500F53688 /* Item+CoreDataProperties.swift in Sources */ = {isa = PBXBuildFile; fileRef = 87ABE24A227D138500F53688 /* Item+CoreDataProperties.swift */; };
		87ABE24E227DFE7B00F53688 /* TodoFetchResultsController.swift in Sources */ = {isa = PBXBuildFile; fileRef = 87ABE24D227DFE7B00F53688 /* TodoFetchResultsController.swift */; };
		87ABE250227E040700F53688 /* DetailViewController.swift in Sources */ = {isa = PBXBuildFile; fileRef = 87ABE24F227E040700F53688 /* DetailViewController.swift */; };
		87ABE252227E451800F53688 /* DataSource.swift in Sources */ = {isa = PBXBuildFile; fileRef = 87ABE251227E451800F53688 /* DataSource.swift */; };
/* End PBXBuildFile section */

/* Begin PBXFileReference section */
		87ABE22D227CA50200F53688 /* TodoList.app */ = {isa = PBXFileReference; explicitFileType = wrapper.application; includeInIndex = 0; path = TodoList.app; sourceTree = BUILT_PRODUCTS_DIR; };
		87ABE230227CA50200F53688 /* AppDelegate.swift */ = {isa = PBXFileReference; lastKnownFileType = sourcecode.swift; path = AppDelegate.swift; sourceTree = "<group>"; };
		87ABE232227CA50200F53688 /* ViewController.swift */ = {isa = PBXFileReference; lastKnownFileType = sourcecode.swift; path = ViewController.swift; sourceTree = "<group>"; };
		87ABE235227CA50200F53688 /* Base */ = {isa = PBXFileReference; lastKnownFileType = file.storyboard; name = Base; path = Base.lproj/Main.storyboard; sourceTree = "<group>"; };
		87ABE237227CA50600F53688 /* Assets.xcassets */ = {isa = PBXFileReference; lastKnownFileType = folder.assetcatalog; path = Assets.xcassets; sourceTree = "<group>"; };
		87ABE23A227CA50600F53688 /* Base */ = {isa = PBXFileReference; lastKnownFileType = file.storyboard; name = Base; path = Base.lproj/LaunchScreen.storyboard; sourceTree = "<group>"; };
		87ABE23C227CA50600F53688 /* Info.plist */ = {isa = PBXFileReference; lastKnownFileType = text.plist.xml; path = Info.plist; sourceTree = "<group>"; };
		87ABE242227CA53400F53688 /* CoreDataStack.swift */ = {isa = PBXFileReference; lastKnownFileType = sourcecode.swift; path = CoreDataStack.swift; sourceTree = "<group>"; };
		87ABE245227CB65000F53688 /* TodoList.xcdatamodel */ = {isa = PBXFileReference; lastKnownFileType = wrapper.xcdatamodel; path = TodoList.xcdatamodel; sourceTree = "<group>"; };
		87ABE247227CBB7300F53688 /* TableViewController.swift */ = {isa = PBXFileReference; lastKnownFileType = sourcecode.swift; path = TableViewController.swift; sourceTree = "<group>"; };
		87ABE249227D138500F53688 /* Item+CoreDataClass.swift */ = {isa = PBXFileReference; lastKnownFileType = sourcecode.swift; path = "Item+CoreDataClass.swift"; sourceTree = "<group>"; };
		87ABE24A227D138500F53688 /* Item+CoreDataProperties.swift */ = {isa = PBXFileReference; lastKnownFileType = sourcecode.swift; path = "Item+CoreDataProperties.swift"; sourceTree = "<group>"; };
		87ABE24D227DFE7B00F53688 /* TodoFetchResultsController.swift */ = {isa = PBXFileReference; lastKnownFileType = sourcecode.swift; path = TodoFetchResultsController.swift; sourceTree = "<group>"; };
		87ABE24F227E040700F53688 /* DetailViewController.swift */ = {isa = PBXFileReference; lastKnownFileType = sourcecode.swift; path = DetailViewController.swift; sourceTree = "<group>"; };
		87ABE251227E451800F53688 /* DataSource.swift */ = {isa = PBXFileReference; lastKnownFileType = sourcecode.swift; path = DataSource.swift; sourceTree = "<group>"; };
/* End PBXFileReference section */

/* Begin PBXFrameworksBuildPhase section */
		87ABE22A227CA50200F53688 /* Frameworks */ = {
			isa = PBXFrameworksBuildPhase;
			buildActionMask = 2147483647;
			files = (
			);
			runOnlyForDeploymentPostprocessing = 0;
		};
/* End PBXFrameworksBuildPhase section */

/* Begin PBXGroup section */
		87ABE224227CA50200F53688 = {
			isa = PBXGroup;
			children = (
				87ABE22F227CA50200F53688 /* TodoList */,
				87ABE22E227CA50200F53688 /* Products */,
			);
			sourceTree = "<group>";
		};
		87ABE22E227CA50200F53688 /* Products */ = {
			isa = PBXGroup;
			children = (
				87ABE22D227CA50200F53688 /* TodoList.app */,
			);
			name = Products;
			sourceTree = "<group>";
		};
		87ABE22F227CA50200F53688 /* TodoList */ = {
			isa = PBXGroup;
			children = (
				87ABE242227CA53400F53688 /* CoreDataStack.swift */,
				87ABE230227CA50200F53688 /* AppDelegate.swift */,
				87ABE232227CA50200F53688 /* ViewController.swift */,
				87ABE234227CA50200F53688 /* Main.storyboard */,
				87ABE237227CA50600F53688 /* Assets.xcassets */,
				87ABE239227CA50600F53688 /* LaunchScreen.storyboard */,
				87ABE23C227CA50600F53688 /* Info.plist */,
				87ABE244227CB65000F53688 /* TodoList.xcdatamodeld */,
				87ABE247227CBB7300F53688 /* TableViewController.swift */,
				87ABE24F227E040700F53688 /* DetailViewController.swift */,
				87ABE24D227DFE7B00F53688 /* TodoFetchResultsController.swift */,
				87ABE251227E451800F53688 /* DataSource.swift */,
				87ABE249227D138500F53688 /* Item+CoreDataClass.swift */,
				87ABE24A227D138500F53688 /* Item+CoreDataProperties.swift */,
			);
			path = TodoList;
			sourceTree = "<group>";
		};
/* End PBXGroup section */

/* Begin PBXNativeTarget section */
		87ABE22C227CA50200F53688 /* TodoList */ = {
			isa = PBXNativeTarget;
			buildConfigurationList = 87ABE23F227CA50600F53688 /* Build configuration list for PBXNativeTarget "TodoList" */;
			buildPhases = (
				87ABE229227CA50200F53688 /* Sources */,
				87ABE22A227CA50200F53688 /* Frameworks */,
				87ABE22B227CA50200F53688 /* Resources */,
			);
			buildRules = (
			);
			dependencies = (
			);
			name = TodoList;
			productName = TodoList;
			productReference = 87ABE22D227CA50200F53688 /* TodoList.app */;
			productType = "com.apple.product-type.application";
		};
/* End PBXNativeTarget section */

/* Begin PBXProject section */
		87ABE225227CA50200F53688 /* Project object */ = {
			isa = PBXProject;
			attributes = {
				LastSwiftUpdateCheck = 1020;
				LastUpgradeCheck = 1020;
				ORGANIZATIONNAME = "Ramon Geronimo";
				TargetAttributes = {
					87ABE22C227CA50200F53688 = {
						CreatedOnToolsVersion = 10.2;
					};
				};
			};
			buildConfigurationList = 87ABE228227CA50200F53688 /* Build configuration list for PBXProject "TodoList" */;
			compatibilityVersion = "Xcode 9.3";
			developmentRegion = en;
			hasScannedForEncodings = 0;
			knownRegions = (
				en,
				Base,
			);
			mainGroup = 87ABE224227CA50200F53688;
			productRefGroup = 87ABE22E227CA50200F53688 /* Products */;
			projectDirPath = "";
			projectRoot = "";
			targets = (
				87ABE22C227CA50200F53688 /* TodoList */,
			);
		};
/* End PBXProject section */

/* Begin PBXResourcesBuildPhase section */
		87ABE22B227CA50200F53688 /* Resources */ = {
			isa = PBXResourcesBuildPhase;
			buildActionMask = 2147483647;
			files = (
				87ABE23B227CA50600F53688 /* LaunchScreen.storyboard in Resources */,
				87ABE238227CA50600F53688 /* Assets.xcassets in Resources */,
				87ABE236227CA50200F53688 /* Main.storyboard in Resources */,
			);
			runOnlyForDeploymentPostprocessing = 0;
		};
/* End PBXResourcesBuildPhase section */

/* Begin PBXSourcesBuildPhase section */
		87ABE229227CA50200F53688 /* Sources */ = {
			isa = PBXSourcesBuildPhase;
			buildActionMask = 2147483647;
			files = (
				87ABE250227E040700F53688 /* DetailViewController.swift in Sources */,
				87ABE24C227D138500F53688 /* Item+CoreDataProperties.swift in Sources */,
				87ABE24B227D138500F53688 /* Item+CoreDataClass.swift in Sources */,
				87ABE24E227DFE7B00F53688 /* TodoFetchResultsController.swift in Sources */,
				87ABE243227CA53400F53688 /* CoreDataStack.swift in Sources */,
				87ABE233227CA50200F53688 /* ViewController.swift in Sources */,
				87ABE231227CA50200F53688 /* AppDelegate.swift in Sources */,
				87ABE248227CBB7300F53688 /* TableViewController.swift in Sources */,
				87ABE252227E451800F53688 /* DataSource.swift in Sources */,
				87ABE246227CB65000F53688 /* TodoList.xcdatamodeld in Sources */,
			);
			runOnlyForDeploymentPostprocessing = 0;
		};
/* End PBXSourcesBuildPhase section */

/* Begin PBXVariantGroup section */
		87ABE234227CA50200F53688 /* Main.storyboard */ = {
			isa = PBXVariantGroup;
			children = (
				87ABE235227CA50200F53688 /* Base */,
			);
			name = Main.storyboard;
			sourceTree = "<group>";
		};
		87ABE239227CA50600F53688 /* LaunchScreen.storyboard */ = {
			isa = PBXVariantGroup;
			children = (
				87ABE23A227CA50600F53688 /* Base */,
			);
			name = LaunchScreen.storyboard;
			sourceTree = "<group>";
		};
/* End PBXVariantGroup section */

/* Begin XCBuildConfiguration section */
		87ABE23D227CA50600F53688 /* Debug */ = {
			isa = XCBuildConfiguration;
			buildSettings = {
				ALWAYS_SEARCH_USER_PATHS = NO;
				CLANG_ANALYZER_NONNULL = YES;
				CLANG_ANALYZER_NUMBER_OBJECT_CONVERSION = YES_AGGRESSIVE;
				CLANG_CXX_LANGUAGE_STANDARD = "gnu++14";
				CLANG_CXX_LIBRARY = "libc++";
				CLANG_ENABLE_MODULES = YES;
				CLANG_ENABLE_OBJC_ARC = YES;
				CLANG_ENABLE_OBJC_WEAK = YES;
				CLANG_WARN_BLOCK_CAPTURE_AUTORELEASING = YES;
				CLANG_WARN_BOOL_CONVERSION = YES;
				CLANG_WARN_COMMA = YES;
				CLANG_WARN_CONSTANT_CONVERSION = YES;
				CLANG_WARN_DEPRECATED_OBJC_IMPLEMENTATIONS = YES;
				CLANG_WARN_DIRECT_OBJC_ISA_USAGE = YES_ERROR;
				CLANG_WARN_DOCUMENTATION_COMMENTS = YES;
				CLANG_WARN_EMPTY_BODY = YES;
				CLANG_WARN_ENUM_CONVERSION = YES;
				CLANG_WARN_INFINITE_RECURSION = YES;
				CLANG_WARN_INT_CONVERSION = YES;
				CLANG_WARN_NON_LITERAL_NULL_CONVERSION = YES;
				CLANG_WARN_OBJC_IMPLICIT_RETAIN_SELF = YES;
				CLANG_WARN_OBJC_LITERAL_CONVERSION = YES;
				CLANG_WARN_OBJC_ROOT_CLASS = YES_ERROR;
				CLANG_WARN_RANGE_LOOP_ANALYSIS = YES;
				CLANG_WARN_STRICT_PROTOTYPES = YES;
				CLANG_WARN_SUSPICIOUS_MOVE = YES;
				CLANG_WARN_UNGUARDED_AVAILABILITY = YES_AGGRESSIVE;
				CLANG_WARN_UNREACHABLE_CODE = YES;
				CLANG_WARN__DUPLICATE_METHOD_MATCH = YES;
				CODE_SIGN_IDENTITY = "iPhone Developer";
				COPY_PHASE_STRIP = NO;
				DEBUG_INFORMATION_FORMAT = dwarf;
				ENABLE_STRICT_OBJC_MSGSEND = YES;
				ENABLE_TESTABILITY = YES;
				GCC_C_LANGUAGE_STANDARD = gnu11;
				GCC_DYNAMIC_NO_PIC = NO;
				GCC_NO_COMMON_BLOCKS = YES;
				GCC_OPTIMIZATION_LEVEL = 0;
				GCC_PREPROCESSOR_DEFINITIONS = (
					"DEBUG=1",
					"$(inherited)",
				);
				GCC_WARN_64_TO_32_BIT_CONVERSION = YES;
				GCC_WARN_ABOUT_RETURN_TYPE = YES_ERROR;
				GCC_WARN_UNDECLARED_SELECTOR = YES;
				GCC_WARN_UNINITIALIZED_AUTOS = YES_AGGRESSIVE;
				GCC_WARN_UNUSED_FUNCTION = YES;
				GCC_WARN_UNUSED_VARIABLE = YES;
				IPHONEOS_DEPLOYMENT_TARGET = 12.2;
				MTL_ENABLE_DEBUG_INFO = INCLUDE_SOURCE;
				MTL_FAST_MATH = YES;
				ONLY_ACTIVE_ARCH = YES;
				SDKROOT = iphoneos;
				SWIFT_ACTIVE_COMPILATION_CONDITIONS = DEBUG;
				SWIFT_OPTIMIZATION_LEVEL = "-Onone";
			};
			name = Debug;
		};
		87ABE23E227CA50600F53688 /* Release */ = {
			isa = XCBuildConfiguration;
			buildSettings = {
				ALWAYS_SEARCH_USER_PATHS = NO;
				CLANG_ANALYZER_NONNULL = YES;
				CLANG_ANALYZER_NUMBER_OBJECT_CONVERSION = YES_AGGRESSIVE;
				CLANG_CXX_LANGUAGE_STANDARD = "gnu++14";
				CLANG_CXX_LIBRARY = "libc++";
				CLANG_ENABLE_MODULES = YES;
				CLANG_ENABLE_OBJC_ARC = YES;
				CLANG_ENABLE_OBJC_WEAK = YES;
				CLANG_WARN_BLOCK_CAPTURE_AUTORELEASING = YES;
				CLANG_WARN_BOOL_CONVERSION = YES;
				CLANG_WARN_COMMA = YES;
				CLANG_WARN_CONSTANT_CONVERSION = YES;
				CLANG_WARN_DEPRECATED_OBJC_IMPLEMENTATIONS = YES;
				CLANG_WARN_DIRECT_OBJC_ISA_USAGE = YES_ERROR;
				CLANG_WARN_DOCUMENTATION_COMMENTS = YES;
				CLANG_WARN_EMPTY_BODY = YES;
				CLANG_WARN_ENUM_CONVERSION = YES;
				CLANG_WARN_INFINITE_RECURSION = YES;
				CLANG_WARN_INT_CONVERSION = YES;
				CLANG_WARN_NON_LITERAL_NULL_CONVERSION = YES;
				CLANG_WARN_OBJC_IMPLICIT_RETAIN_SELF = YES;
				CLANG_WARN_OBJC_LITERAL_CONVERSION = YES;
				CLANG_WARN_OBJC_ROOT_CLASS = YES_ERROR;
				CLANG_WARN_RANGE_LOOP_ANALYSIS = YES;
				CLANG_WARN_STRICT_PROTOTYPES = YES;
				CLANG_WARN_SUSPICIOUS_MOVE = YES;
				CLANG_WARN_UNGUARDED_AVAILABILITY = YES_AGGRESSIVE;
				CLANG_WARN_UNREACHABLE_CODE = YES;
				CLANG_WARN__DUPLICATE_METHOD_MATCH = YES;
				CODE_SIGN_IDENTITY = "iPhone Developer";
				COPY_PHASE_STRIP = NO;
				DEBUG_INFORMATION_FORMAT = "dwarf-with-dsym";
				ENABLE_NS_ASSERTIONS = NO;
				ENABLE_STRICT_OBJC_MSGSEND = YES;
				GCC_C_LANGUAGE_STANDARD = gnu11;
				GCC_NO_COMMON_BLOCKS = YES;
				GCC_WARN_64_TO_32_BIT_CONVERSION = YES;
				GCC_WARN_ABOUT_RETURN_TYPE = YES_ERROR;
				GCC_WARN_UNDECLARED_SELECTOR = YES;
				GCC_WARN_UNINITIALIZED_AUTOS = YES_AGGRESSIVE;
				GCC_WARN_UNUSED_FUNCTION = YES;
				GCC_WARN_UNUSED_VARIABLE = YES;
				IPHONEOS_DEPLOYMENT_TARGET = 12.2;
				MTL_ENABLE_DEBUG_INFO = NO;
				MTL_FAST_MATH = YES;
				SDKROOT = iphoneos;
				SWIFT_COMPILATION_MODE = wholemodule;
				SWIFT_OPTIMIZATION_LEVEL = "-O";
				VALIDATE_PRODUCT = YES;
			};
			name = Release;
		};
		87ABE240227CA50600F53688 /* Debug */ = {
			isa = XCBuildConfiguration;
			buildSettings = {
				ASSETCATALOG_COMPILER_APPICON_NAME = AppIcon;
				CODE_SIGN_STYLE = Automatic;
				DEVELOPMENT_TEAM = 29KKRTJA28;
				INFOPLIST_FILE = TodoList/Info.plist;
				LD_RUNPATH_SEARCH_PATHS = (
					"$(inherited)",
					"@executable_path/Frameworks",
				);
				PRODUCT_BUNDLE_IDENTIFIER = com.ramongeronimo.TodoList;
				PRODUCT_NAME = "$(TARGET_NAME)";
				SWIFT_VERSION = 5.0;
				TARGETED_DEVICE_FAMILY = "1,2";
			};
			name = Debug;
		};
		87ABE241227CA50600F53688 /* Release */ = {
			isa = XCBuildConfiguration;
			buildSettings = {
				ASSETCATALOG_COMPILER_APPICON_NAME = AppIcon;
				CODE_SIGN_STYLE = Automatic;
				DEVELOPMENT_TEAM = 29KKRTJA28;
				INFOPLIST_FILE = TodoList/Info.plist;
				LD_RUNPATH_SEARCH_PATHS = (
					"$(inherited)",
					"@executable_path/Frameworks",
				);
				PRODUCT_BUNDLE_IDENTIFIER = com.ramongeronimo.TodoList;
				PRODUCT_NAME = "$(TARGET_NAME)";
				SWIFT_VERSION = 5.0;
				TARGETED_DEVICE_FAMILY = "1,2";
			};
			name = Release;
		};
/* End XCBuildConfiguration section */

/* Begin XCConfigurationList section */
		87ABE228227CA50200F53688 /* Build configuration list for PBXProject "TodoList" */ = {
			isa = XCConfigurationList;
			buildConfigurations = (
				87ABE23D227CA50600F53688 /* Debug */,
				87ABE23E227CA50600F53688 /* Release */,
			);
			defaultConfigurationIsVisible = 0;
			defaultConfigurationName = Release;
		};
		87ABE23F227CA50600F53688 /* Build configuration list for PBXNativeTarget "TodoList" */ = {
			isa = XCConfigurationList;
			buildConfigurations = (
				87ABE240227CA50600F53688 /* Debug */,
				87ABE241227CA50600F53688 /* Release */,
			);
			defaultConfigurationIsVisible = 0;
			defaultConfigurationName = Release;
		};
/* End XCConfigurationList section */

/* Begin XCVersionGroup section */
		87ABE244227CB65000F53688 /* TodoList.xcdatamodeld */ = {
			isa = XCVersionGroup;
			children = (
				87ABE245227CB65000F53688 /* TodoList.xcdatamodel */,
			);
			currentVersion = 87ABE245227CB65000F53688 /* TodoList.xcdatamodel */;
			path = TodoList.xcdatamodeld;
			sourceTree = "<group>";
			versionGroupType = wrapper.xcdatamodel;
		};
/* End XCVersionGroup section */
	};
	rootObject = 87ABE225227CA50200F53688 /* Project object */;
}
